
Microsoft Visual Studio Solution File, Format Version 12.00
# Visual Studio Version 17
VisualStudioVersion = 17.5.33516.290
MinimumVisualStudioVersion = 10.0.40219.1
Project("{00D1A9C2-B5F0-4AF3-8072-F6C62B433612}") = "BDD_GUITARE", "BDD_GUITARE\BDD_GUITARE.sqlproj", "{76BCCBB7-1532-491E-8A80-2E0888C41405}"
EndProject
Project("{9A19103F-16F7-4668-BE54-9A1E7A4F7556}") = "CMD_TEST", "CMD_TEST\CMD_TEST.csproj", "{03BB9104-FF17-4200-870B-A47D784C7F44}"
EndProject
Project("{9A19103F-16F7-4668-BE54-9A1E7A4F7556}") = "LIB_BDD_Custom", "LIB_BDD_Custom\LIB_BDD_Custom.csproj", "{A12502C1-DBAF-4DE9-98C3-B10C6E9BE78B}"
EndProject
Project("{9A19103F-16F7-4668-BE54-9A1E7A4F7556}") = "WebGuitare", "WebGuitare\WebGuitare.csproj", "{20DD5E9F-9A18-4CDF-A014-DF3BB67EDBAB}"
EndProject
Project("{9A19103F-16F7-4668-BE54-9A1E7A4F7556}") = "IHM_CUSTOM", "IHM_CUSTOM\IHM_CUSTOM.csproj", "{C56C88D9-DA72-47E6-AC4A-1A715AF2BAB5}"
EndProject
Project("{FAE04EC0-301F-11D3-BF4B-00C04F79EFBC}") = "IHM_CUSTOM_NETFRAMWORK", "IHM_CUSTOM_NETFRAMWORK\IHM_CUSTOM_NETFRAMWORK.csproj", "{141CB4B6-7968-4821-919D-6F7B28780447}"
EndProject
Project("{FAE04EC0-301F-11D3-BF4B-00C04F79EFBC}") = "IHM_VRAI_CUSTOM_NET", "IHM_VRAI_CUSTOM_NET\IHM_VRAI_CUSTOM_NET.csproj", "{BE37ADEC-B174-4572-955B-DCB9E1CC637C}"
EndProject
Global
	GlobalSection(SolutionConfigurationPlatforms) = preSolution
		Debug|Any CPU = Debug|Any CPU
		Release|Any CPU = Release|Any CPU
	EndGlobalSection
	GlobalSection(ProjectConfigurationPlatforms) = postSolution
		{76BCCBB7-1532-491E-8A80-2E0888C41405}.Debug|Any CPU.ActiveCfg = Debug|Any CPU
		{76BCCBB7-1532-491E-8A80-2E0888C41405}.Debug|Any CPU.Build.0 = Debug|Any CPU
		{76BCCBB7-1532-491E-8A80-2E0888C41405}.Debug|Any CPU.Deploy.0 = Debug|Any CPU
		{76BCCBB7-1532-491E-8A80-2E0888C41405}.Release|Any CPU.ActiveCfg = Release|Any CPU
		{76BCCBB7-1532-491E-8A80-2E0888C41405}.Release|Any CPU.Build.0 = Release|Any CPU
		{76BCCBB7-1532-491E-8A80-2E0888C41405}.Release|Any CPU.Deploy.0 = Release|Any CPU
		{03BB9104-FF17-4200-870B-A47D784C7F44}.Debug|Any CPU.ActiveCfg = Debug|Any CPU
		{03BB9104-FF17-4200-870B-A47D784C7F44}.Debug|Any CPU.Build.0 = Debug|Any CPU
		{03BB9104-FF17-4200-870B-A47D784C7F44}.Release|Any CPU.ActiveCfg = Release|Any CPU
		{03BB9104-FF17-4200-870B-A47D784C7F44}.Release|Any CPU.Build.0 = Release|Any CPU
		{A12502C1-DBAF-4DE9-98C3-B10C6E9BE78B}.Debug|Any CPU.ActiveCfg = Debug|Any CPU
		{A12502C1-DBAF-4DE9-98C3-B10C6E9BE78B}.Debug|Any CPU.Build.0 = Debug|Any CPU
		{A12502C1-DBAF-4DE9-98C3-B10C6E9BE78B}.Release|Any CPU.ActiveCfg = Release|Any CPU
		{A12502C1-DBAF-4DE9-98C3-B10C6E9BE78B}.Release|Any CPU.Build.0 = Release|Any CPU
		{20DD5E9F-9A18-4CDF-A014-DF3BB67EDBAB}.Debug|Any CPU.ActiveCfg = Debug|Any CPU
		{20DD5E9F-9A18-4CDF-A014-DF3BB67EDBAB}.Debug|Any CPU.Build.0 = Debug|Any CPU
		{20DD5E9F-9A18-4CDF-A014-DF3BB67EDBAB}.Release|Any CPU.ActiveCfg = Release|Any CPU
		{20DD5E9F-9A18-4CDF-A014-DF3BB67EDBAB}.Release|Any CPU.Build.0 = Release|Any CPU
		{C56C88D9-DA72-47E6-AC4A-1A715AF2BAB5}.Debug|Any CPU.ActiveCfg = Debug|Any CPU
		{C56C88D9-DA72-47E6-AC4A-1A715AF2BAB5}.Debug|Any CPU.Build.0 = Debug|Any CPU
		{C56C88D9-DA72-47E6-AC4A-1A715AF2BAB5}.Release|Any CPU.ActiveCfg = Release|Any CPU
		{C56C88D9-DA72-47E6-AC4A-1A715AF2BAB5}.Release|Any CPU.Build.0 = Release|Any CPU
		{141CB4B6-7968-4821-919D-6F7B28780447}.Debug|Any CPU.ActiveCfg = Debug|Any CPU
		{141CB4B6-7968-4821-919D-6F7B28780447}.Debug|Any CPU.Build.0 = Debug|Any CPU
		{141CB4B6-7968-4821-919D-6F7B28780447}.Release|Any CPU.ActiveCfg = Release|Any CPU
		{141CB4B6-7968-4821-919D-6F7B28780447}.Release|Any CPU.Build.0 = Release|Any CPU
		{BE37ADEC-B174-4572-955B-DCB9E1CC637C}.Debug|Any CPU.ActiveCfg = Debug|Any CPU
		{BE37ADEC-B174-4572-955B-DCB9E1CC637C}.Debug|Any CPU.Build.0 = Debug|Any CPU
		{BE37ADEC-B174-4572-955B-DCB9E1CC637C}.Release|Any CPU.ActiveCfg = Release|Any CPU
		{BE37ADEC-B174-4572-955B-DCB9E1CC637C}.Release|Any CPU.Build.0 = Release|Any CPU
	EndGlobalSection
	GlobalSection(SolutionProperties) = preSolution
		HideSolutionNode = FALSE
	EndGlobalSection
	GlobalSection(ExtensibilityGlobals) = postSolution
		SolutionGuid = {4D583981-B2F0-444D-9747-EBB9FD83E643}
	EndGlobalSection
EndGlobal
